
Microsoft Visual Studio Solution File, Format Version 12.00
# Visual Studio 2013
VisualStudioVersion = 12.0.30723.0
MinimumVisualStudioVersion = 10.0.40219.1
Project("{FAE04EC0-301F-11D3-BF4B-00C04F79EFBC}") = "OdeToFood", "OdeToFood\OdeToFood.csproj", "{64916133-1E3E-445F-9431-FB57E0845768}"
EndProject
Project("{FAE04EC0-301F-11D3-BF4B-00C04F79EFBC}") = "OdeToFood.Tests", "OdeToFood.Tests\OdeToFood.Tests.csproj", "{F29073B6-EB07-448C-8EFD-49B8365BD90A}"
EndProject
Global
	GlobalSection(SolutionConfigurationPlatforms) = preSolution
		Debug|Any CPU = Debug|Any CPU
		Release|Any CPU = Release|Any CPU
	EndGlobalSection
	GlobalSection(ProjectConfigurationPlatforms) = postSolution
		{64916133-1E3E-445F-9431-FB57E0845768}.Debug|Any CPU.ActiveCfg = Debug|Any CPU
		{64916133-1E3E-445F-9431-FB57E0845768}.Debug|Any CPU.Build.0 = Debug|Any CPU
		{64916133-1E3E-445F-9431-FB57E0845768}.Release|Any CPU.ActiveCfg = Release|Any CPU
		{64916133-1E3E-445F-9431-FB57E0845768}.Release|Any CPU.Build.0 = Release|Any CPU
		{F29073B6-EB07-448C-8EFD-49B8365BD90A}.Debug|Any CPU.ActiveCfg = Debug|Any CPU
		{F29073B6-EB07-448C-8EFD-49B8365BD90A}.Debug|Any CPU.Build.0 = Debug|Any CPU
		{F29073B6-EB07-448C-8EFD-49B8365BD90A}.Release|Any CPU.ActiveCfg = Release|Any CPU
		{F29073B6-EB07-448C-8EFD-49B8365BD90A}.Release|Any CPU.Build.0 = Release|Any CPU
	EndGlobalSection
	GlobalSection(SolutionProperties) = preSolution
		HideSolutionNode = FALSE
	EndGlobalSection
EndGlobal
